
Microsoft Visual Studio Solution File, Format Version 12.00
# Visual Studio Version 16
VisualStudioVersion = 16.0.30621.155
MinimumVisualStudioVersion = 10.0.40219.1
Project("{FAE04EC0-301F-11D3-BF4B-00C04F79EFBC}") = "Mid agnmnt", "Mid agnmnt\Mid agnmnt.csproj", "{ED10F2FE-4CA1-4A60-A143-12B43A17482D}"
EndProject
Global
	GlobalSection(SolutionConfigurationPlatforms) = preSolution
		Debug|Any CPU = Debug|Any CPU
		Release|Any CPU = Release|Any CPU
	EndGlobalSection
	GlobalSection(ProjectConfigurationPlatforms) = postSolution
		{ED10F2FE-4CA1-4A60-A143-12B43A17482D}.Debug|Any CPU.ActiveCfg = Debug|Any CPU
		{ED10F2FE-4CA1-4A60-A143-12B43A17482D}.Debug|Any CPU.Build.0 = Debug|Any CPU
		{ED10F2FE-4CA1-4A60-A143-12B43A17482D}.Release|Any CPU.ActiveCfg = Release|Any CPU
		{ED10F2FE-4CA1-4A60-A143-12B43A17482D}.Release|Any CPU.Build.0 = Release|Any CPU
	EndGlobalSection
	GlobalSection(SolutionProperties) = preSolution
		HideSolutionNode = FALSE
	EndGlobalSection
	GlobalSection(ExtensibilityGlobals) = postSolution
		SolutionGuid = {A0A3F479-E7C0-4520-9DE5-61BF63ECD496}
	EndGlobalSection
EndGlobal
